// !$*UTF8*$!
{
	archiveVersion = 1;
	classes = {
	};
	objectVersion = 55;
	objects = {

/* Begin PBXBuildFile section */
		0E10BB9A2891B22300C86F10 /* main.swift in Sources */ = {isa = PBXBuildFile; fileRef = 0E10BB992891B22300C86F10 /* main.swift */; };
		0E10BBA32891B41300C86F10 /* team.swift in Sources */ = {isa = PBXBuildFile; fileRef = 0E10BBA22891B41300C86F10 /* team.swift */; };
		0E10BBA52891B42100C86F10 /* game.swift in Sources */ = {isa = PBXBuildFile; fileRef = 0E10BBA42891B42100C86F10 /* game.swift */; };
		0E10BBA72891B46800C86F10 /* character.swift in Sources */ = {isa = PBXBuildFile; fileRef = 0E10BBA62891B46800C86F10 /* character.swift */; };
		0E10BBA92891B47100C86F10 /* weapon.swift in Sources */ = {isa = PBXBuildFile; fileRef = 0E10BBA82891B47100C86F10 /* weapon.swift */; };
		0E10BBAD2891B5C300C86F10 /* magus.swift in Sources */ = {isa = PBXBuildFile; fileRef = 0E10BBAC2891B5C300C86F10 /* magus.swift */; };
		0E10BBB42891C29A00C86F10 /* view.swift in Sources */ = {isa = PBXBuildFile; fileRef = 0E10BBB32891C29A00C86F10 /* view.swift */; };
		0E10BBB82891C3D700C86F10 /* messages.swift in Sources */ = {isa = PBXBuildFile; fileRef = 0E10BBB72891C3D700C86F10 /* messages.swift */; };
		0E10BBBA2891C51100C86F10 /* warrior.swift in Sources */ = {isa = PBXBuildFile; fileRef = 0E10BBB92891C51100C86F10 /* warrior.swift */; };
		0E10BBBC2891C56700C86F10 /* dwarf.swift in Sources */ = {isa = PBXBuildFile; fileRef = 0E10BBBB2891C56700C86F10 /* dwarf.swift */; };
		0E10BBBE2891C57700C86F10 /* sword.swift in Sources */ = {isa = PBXBuildFile; fileRef = 0E10BBBD2891C57700C86F10 /* sword.swift */; };
		0E10BBC02891C57E00C86F10 /* wand.swift in Sources */ = {isa = PBXBuildFile; fileRef = 0E10BBBF2891C57E00C86F10 /* wand.swift */; };
		0E10BBC22891C58500C86F10 /* axe.swift in Sources */ = {isa = PBXBuildFile; fileRef = 0E10BBC12891C58500C86F10 /* axe.swift */; };
		0E681A0C2894CA4C0092345E /* debug.swift in Sources */ = {isa = PBXBuildFile; fileRef = 0E681A0B2894CA4C0092345E /* debug.swift */; };
/* End PBXBuildFile section */

/* Begin PBXCopyFilesBuildPhase section */
		0E10BB942891B22300C86F10 /* CopyFiles */ = {
			isa = PBXCopyFilesBuildPhase;
			buildActionMask = 2147483647;
			dstPath = /usr/share/man/man1/;
			dstSubfolderSpec = 0;
			files = (
			);
			runOnlyForDeploymentPostprocessing = 1;
		};
/* End PBXCopyFilesBuildPhase section */

/* Begin PBXFileReference section */
		0E10BB962891B22300C86F10 /* OpenClassRoom P3 */ = {isa = PBXFileReference; explicitFileType = "compiled.mach-o.executable"; includeInIndex = 0; path = "OpenClassRoom P3"; sourceTree = BUILT_PRODUCTS_DIR; };
		0E10BB992891B22300C86F10 /* main.swift */ = {isa = PBXFileReference; lastKnownFileType = sourcecode.swift; path = main.swift; sourceTree = "<group>"; };
		0E10BBA22891B41300C86F10 /* team.swift */ = {isa = PBXFileReference; lastKnownFileType = sourcecode.swift; path = team.swift; sourceTree = "<group>"; };
		0E10BBA42891B42100C86F10 /* game.swift */ = {isa = PBXFileReference; lastKnownFileType = sourcecode.swift; path = game.swift; sourceTree = "<group>"; };
		0E10BBA62891B46800C86F10 /* character.swift */ = {isa = PBXFileReference; lastKnownFileType = sourcecode.swift; path = character.swift; sourceTree = "<group>"; };
		0E10BBA82891B47100C86F10 /* weapon.swift */ = {isa = PBXFileReference; lastKnownFileType = sourcecode.swift; path = weapon.swift; sourceTree = "<group>"; };
		0E10BBAC2891B5C300C86F10 /* magus.swift */ = {isa = PBXFileReference; lastKnownFileType = sourcecode.swift; path = magus.swift; sourceTree = "<group>"; };
		0E10BBAF2891C25900C86F10 /* Etapes clés - Créez votre premier jeu vidéo avec Swift ! - FINAL.pdf */ = {isa = PBXFileReference; lastKnownFileType = image.pdf; path = "Etapes clés - Créez votre premier jeu vidéo avec Swift ! - FINAL.pdf"; sourceTree = "<group>"; };
		0E10BBB22891C26A00C86F10 /* Guide pour le stagiaire.pdf */ = {isa = PBXFileReference; lastKnownFileType = image.pdf; path = "Guide pour le stagiaire.pdf"; sourceTree = "<group>"; };
		0E10BBB32891C29A00C86F10 /* view.swift */ = {isa = PBXFileReference; lastKnownFileType = sourcecode.swift; path = view.swift; sourceTree = "<group>"; };
		0E10BBB72891C3D700C86F10 /* messages.swift */ = {isa = PBXFileReference; lastKnownFileType = sourcecode.swift; path = messages.swift; sourceTree = "<group>"; };
		0E10BBB92891C51100C86F10 /* warrior.swift */ = {isa = PBXFileReference; lastKnownFileType = sourcecode.swift; path = warrior.swift; sourceTree = "<group>"; };
		0E10BBBB2891C56700C86F10 /* dwarf.swift */ = {isa = PBXFileReference; lastKnownFileType = sourcecode.swift; path = dwarf.swift; sourceTree = "<group>"; };
		0E10BBBD2891C57700C86F10 /* sword.swift */ = {isa = PBXFileReference; lastKnownFileType = sourcecode.swift; path = sword.swift; sourceTree = "<group>"; };
		0E10BBBF2891C57E00C86F10 /* wand.swift */ = {isa = PBXFileReference; lastKnownFileType = sourcecode.swift; path = wand.swift; sourceTree = "<group>"; };
		0E10BBC12891C58500C86F10 /* axe.swift */ = {isa = PBXFileReference; lastKnownFileType = sourcecode.swift; path = axe.swift; sourceTree = "<group>"; };
		0E681A0B2894CA4C0092345E /* debug.swift */ = {isa = PBXFileReference; lastKnownFileType = sourcecode.swift; path = debug.swift; sourceTree = "<group>"; };
/* End PBXFileReference section */

/* Begin PBXFrameworksBuildPhase section */
		0E10BB932891B22300C86F10 /* Frameworks */ = {
			isa = PBXFrameworksBuildPhase;
			buildActionMask = 2147483647;
			files = (
			);
			runOnlyForDeploymentPostprocessing = 0;
		};
/* End PBXFrameworksBuildPhase section */

/* Begin PBXGroup section */
		0E10BB8D2891B22300C86F10 = {
			isa = PBXGroup;
			children = (
				0E10BB992891B22300C86F10 /* main.swift */,
				0E10BBAE2891C01400C86F10 /* ressources */,
				0E10BBAB2891B5AF00C86F10 /* weapons */,
				0E10BBAA2891B59B00C86F10 /* character */,
				0E10BBA62891B46800C86F10 /* character.swift */,
				0E10BBA42891B42100C86F10 /* game.swift */,
				0E10BBA22891B41300C86F10 /* team.swift */,
				0E10BBA82891B47100C86F10 /* weapon.swift */,
				0E10BBB32891C29A00C86F10 /* view.swift */,
				0E681A0B2894CA4C0092345E /* debug.swift */,
				0E10BBB72891C3D700C86F10 /* messages.swift */,
				0E10BB972891B22300C86F10 /* Products */,
			);
			sourceTree = "<group>";
		};
		0E10BB972891B22300C86F10 /* Products */ = {
			isa = PBXGroup;
			children = (
				0E10BB962891B22300C86F10 /* OpenClassRoom P3 */,
			);
			name = Products;
			sourceTree = "<group>";
		};
		0E10BBAA2891B59B00C86F10 /* character */ = {
			isa = PBXGroup;
			children = (
				0E10BBAC2891B5C300C86F10 /* magus.swift */,
				0E10BBB92891C51100C86F10 /* warrior.swift */,
				0E10BBBB2891C56700C86F10 /* dwarf.swift */,
			);
			path = character;
			sourceTree = "<group>";
		};
		0E10BBAB2891B5AF00C86F10 /* weapons */ = {
			isa = PBXGroup;
			children = (
				0E10BBBD2891C57700C86F10 /* sword.swift */,
				0E10BBBF2891C57E00C86F10 /* wand.swift */,
				0E10BBC12891C58500C86F10 /* axe.swift */,
			);
			path = weapons;
			sourceTree = "<group>";
		};
		0E10BBAE2891C01400C86F10 /* ressources */ = {
			isa = PBXGroup;
			children = (
				0E10BBB22891C26A00C86F10 /* Guide pour le stagiaire.pdf */,
				0E10BBAF2891C25900C86F10 /* Etapes clés - Créez votre premier jeu vidéo avec Swift ! - FINAL.pdf */,
			);
			path = ressources;
			sourceTree = "<group>";
		};
/* End PBXGroup section */

/* Begin PBXNativeTarget section */
		0E10BB952891B22300C86F10 /* OpenClassRoom P3 */ = {
			isa = PBXNativeTarget;
			buildConfigurationList = 0E10BB9D2891B22300C86F10 /* Build configuration list for PBXNativeTarget "OpenClassRoom P3" */;
			buildPhases = (
				0EA74FF228C5201000362685 /* SwiftLint */,
				0E10BB922891B22300C86F10 /* Sources */,
				0E10BB932891B22300C86F10 /* Frameworks */,
				0E10BB942891B22300C86F10 /* CopyFiles */,
			);
			buildRules = (
			);
			dependencies = (
			);
			name = "OpenClassRoom P3";
			productName = "OpenClassRoom P3";
			productReference = 0E10BB962891B22300C86F10 /* OpenClassRoom P3 */;
			productType = "com.apple.product-type.tool";
		};
/* End PBXNativeTarget section */

/* Begin PBXProject section */
		0E10BB8E2891B22300C86F10 /* Project object */ = {
			isa = PBXProject;
			attributes = {
				BuildIndependentTargetsInParallel = 1;
				LastSwiftUpdateCheck = 1340;
				LastUpgradeCheck = 1340;
				TargetAttributes = {
					0E10BB952891B22300C86F10 = {
						CreatedOnToolsVersion = 13.4.1;
					};
				};
			};
			buildConfigurationList = 0E10BB912891B22300C86F10 /* Build configuration list for PBXProject "OpenClassRoom P3" */;
			compatibilityVersion = "Xcode 13.0";
			developmentRegion = en;
			hasScannedForEncodings = 0;
			knownRegions = (
				en,
				Base,
			);
			mainGroup = 0E10BB8D2891B22300C86F10;
			productRefGroup = 0E10BB972891B22300C86F10 /* Products */;
			projectDirPath = "";
			projectRoot = "";
			targets = (
				0E10BB952891B22300C86F10 /* OpenClassRoom P3 */,
			);
		};
/* End PBXProject section */

/* Begin PBXShellScriptBuildPhase section */
		0EA74FF228C5201000362685 /* SwiftLint */ = {
			isa = PBXShellScriptBuildPhase;
			buildActionMask = 2147483647;
			files = (
			);
			inputFileListPaths = (
			);
			inputPaths = (
			);
			name = SwiftLint;
			outputFileListPaths = (
			);
			outputPaths = (
			);
			runOnlyForDeploymentPostprocessing = 0;
			shellPath = /bin/sh;
			shellScript = "export PATH=\"$PATH:/opt/homebrew/bin\"\nif which swiftlint > /dev/null; then\n  swiftlint\nelse\n  echo \"warning: SwiftLint not installed, download from https://github.com/realm/SwiftLint\"\nfi\n";
		};
/* End PBXShellScriptBuildPhase section */

/* Begin PBXSourcesBuildPhase section */
		0E10BB922891B22300C86F10 /* Sources */ = {
			isa = PBXSourcesBuildPhase;
			buildActionMask = 2147483647;
			files = (
				0E10BBB42891C29A00C86F10 /* view.swift in Sources */,
				0E681A0C2894CA4C0092345E /* debug.swift in Sources */,
				0E10BB9A2891B22300C86F10 /* main.swift in Sources */,
				0E10BBA92891B47100C86F10 /* weapon.swift in Sources */,
				0E10BBA32891B41300C86F10 /* team.swift in Sources */,
				0E10BBBE2891C57700C86F10 /* sword.swift in Sources */,
				0E10BBA52891B42100C86F10 /* game.swift in Sources */,
				0E10BBB82891C3D700C86F10 /* messages.swift in Sources */,
				0E10BBA72891B46800C86F10 /* character.swift in Sources */,
				0E10BBBA2891C51100C86F10 /* warrior.swift in Sources */,
				0E10BBC02891C57E00C86F10 /* wand.swift in Sources */,
				0E10BBBC2891C56700C86F10 /* dwarf.swift in Sources */,
				0E10BBC22891C58500C86F10 /* axe.swift in Sources */,
				0E10BBAD2891B5C300C86F10 /* magus.swift in Sources */,
			);
			runOnlyForDeploymentPostprocessing = 0;
		};
/* End PBXSourcesBuildPhase section */

/* Begin XCBuildConfiguration section */
		0E10BB9B2891B22300C86F10 /* Debug */ = {
			isa = XCBuildConfiguration;
			buildSettings = {
				ALWAYS_SEARCH_USER_PATHS = NO;
				CLANG_ANALYZER_NONNULL = YES;
				CLANG_ANALYZER_NUMBER_OBJECT_CONVERSION = YES_AGGRESSIVE;
				CLANG_CXX_LANGUAGE_STANDARD = "gnu++17";
				CLANG_ENABLE_MODULES = YES;
				CLANG_ENABLE_OBJC_ARC = YES;
				CLANG_ENABLE_OBJC_WEAK = YES;
				CLANG_WARN_BLOCK_CAPTURE_AUTORELEASING = YES;
				CLANG_WARN_BOOL_CONVERSION = YES;
				CLANG_WARN_COMMA = YES;
				CLANG_WARN_CONSTANT_CONVERSION = YES;
				CLANG_WARN_DEPRECATED_OBJC_IMPLEMENTATIONS = YES;
				CLANG_WARN_DIRECT_OBJC_ISA_USAGE = YES_ERROR;
				CLANG_WARN_DOCUMENTATION_COMMENTS = YES;
				CLANG_WARN_EMPTY_BODY = YES;
				CLANG_WARN_ENUM_CONVERSION = YES;
				CLANG_WARN_INFINITE_RECURSION = YES;
				CLANG_WARN_INT_CONVERSION = YES;
				CLANG_WARN_NON_LITERAL_NULL_CONVERSION = YES;
				CLANG_WARN_OBJC_IMPLICIT_RETAIN_SELF = YES;
				CLANG_WARN_OBJC_LITERAL_CONVERSION = YES;
				CLANG_WARN_OBJC_ROOT_CLASS = YES_ERROR;
				CLANG_WARN_QUOTED_INCLUDE_IN_FRAMEWORK_HEADER = YES;
				CLANG_WARN_RANGE_LOOP_ANALYSIS = YES;
				CLANG_WARN_STRICT_PROTOTYPES = YES;
				CLANG_WARN_SUSPICIOUS_MOVE = YES;
				CLANG_WARN_UNGUARDED_AVAILABILITY = YES_AGGRESSIVE;
				CLANG_WARN_UNREACHABLE_CODE = YES;
				CLANG_WARN__DUPLICATE_METHOD_MATCH = YES;
				COPY_PHASE_STRIP = NO;
				DEBUG_INFORMATION_FORMAT = dwarf;
				ENABLE_STRICT_OBJC_MSGSEND = YES;
				ENABLE_TESTABILITY = YES;
				GCC_C_LANGUAGE_STANDARD = gnu11;
				GCC_DYNAMIC_NO_PIC = NO;
				GCC_NO_COMMON_BLOCKS = YES;
				GCC_OPTIMIZATION_LEVEL = 0;
				GCC_PREPROCESSOR_DEFINITIONS = (
					"DEBUG=1",
					"$(inherited)",
				);
				GCC_WARN_64_TO_32_BIT_CONVERSION = YES;
				GCC_WARN_ABOUT_RETURN_TYPE = YES_ERROR;
				GCC_WARN_UNDECLARED_SELECTOR = YES;
				GCC_WARN_UNINITIALIZED_AUTOS = YES_AGGRESSIVE;
				GCC_WARN_UNUSED_FUNCTION = YES;
				GCC_WARN_UNUSED_VARIABLE = YES;
				MACOSX_DEPLOYMENT_TARGET = 12.3;
				MTL_ENABLE_DEBUG_INFO = INCLUDE_SOURCE;
				MTL_FAST_MATH = YES;
				ONLY_ACTIVE_ARCH = YES;
				SDKROOT = macosx;
				SWIFT_ACTIVE_COMPILATION_CONDITIONS = DEBUG;
				SWIFT_OPTIMIZATION_LEVEL = "-Onone";
			};
			name = Debug;
		};
		0E10BB9C2891B22300C86F10 /* Release */ = {
			isa = XCBuildConfiguration;
			buildSettings = {
				ALWAYS_SEARCH_USER_PATHS = NO;
				CLANG_ANALYZER_NONNULL = YES;
				CLANG_ANALYZER_NUMBER_OBJECT_CONVERSION = YES_AGGRESSIVE;
				CLANG_CXX_LANGUAGE_STANDARD = "gnu++17";
				CLANG_ENABLE_MODULES = YES;
				CLANG_ENABLE_OBJC_ARC = YES;
				CLANG_ENABLE_OBJC_WEAK = YES;
				CLANG_WARN_BLOCK_CAPTURE_AUTORELEASING = YES;
				CLANG_WARN_BOOL_CONVERSION = YES;
				CLANG_WARN_COMMA = YES;
				CLANG_WARN_CONSTANT_CONVERSION = YES;
				CLANG_WARN_DEPRECATED_OBJC_IMPLEMENTATIONS = YES;
				CLANG_WARN_DIRECT_OBJC_ISA_USAGE = YES_ERROR;
				CLANG_WARN_DOCUMENTATION_COMMENTS = YES;
				CLANG_WARN_EMPTY_BODY = YES;
				CLANG_WARN_ENUM_CONVERSION = YES;
				CLANG_WARN_INFINITE_RECURSION = YES;
				CLANG_WARN_INT_CONVERSION = YES;
				CLANG_WARN_NON_LITERAL_NULL_CONVERSION = YES;
				CLANG_WARN_OBJC_IMPLICIT_RETAIN_SELF = YES;
				CLANG_WARN_OBJC_LITERAL_CONVERSION = YES;
				CLANG_WARN_OBJC_ROOT_CLASS = YES_ERROR;
				CLANG_WARN_QUOTED_INCLUDE_IN_FRAMEWORK_HEADER = YES;
				CLANG_WARN_RANGE_LOOP_ANALYSIS = YES;
				CLANG_WARN_STRICT_PROTOTYPES = YES;
				CLANG_WARN_SUSPICIOUS_MOVE = YES;
				CLANG_WARN_UNGUARDED_AVAILABILITY = YES_AGGRESSIVE;
				CLANG_WARN_UNREACHABLE_CODE = YES;
				CLANG_WARN__DUPLICATE_METHOD_MATCH = YES;
				COPY_PHASE_STRIP = NO;
				DEBUG_INFORMATION_FORMAT = "dwarf-with-dsym";
				ENABLE_NS_ASSERTIONS = NO;
				ENABLE_STRICT_OBJC_MSGSEND = YES;
				GCC_C_LANGUAGE_STANDARD = gnu11;
				GCC_NO_COMMON_BLOCKS = YES;
				GCC_WARN_64_TO_32_BIT_CONVERSION = YES;
				GCC_WARN_ABOUT_RETURN_TYPE = YES_ERROR;
				GCC_WARN_UNDECLARED_SELECTOR = YES;
				GCC_WARN_UNINITIALIZED_AUTOS = YES_AGGRESSIVE;
				GCC_WARN_UNUSED_FUNCTION = YES;
				GCC_WARN_UNUSED_VARIABLE = YES;
				MACOSX_DEPLOYMENT_TARGET = 12.3;
				MTL_ENABLE_DEBUG_INFO = NO;
				MTL_FAST_MATH = YES;
				SDKROOT = macosx;
				SWIFT_COMPILATION_MODE = wholemodule;
				SWIFT_OPTIMIZATION_LEVEL = "-O";
			};
			name = Release;
		};
		0E10BB9E2891B22300C86F10 /* Debug */ = {
			isa = XCBuildConfiguration;
			buildSettings = {
				CODE_SIGN_STYLE = Automatic;
				PRODUCT_NAME = "$(TARGET_NAME)";
				SWIFT_VERSION = 5.0;
			};
			name = Debug;
		};
		0E10BB9F2891B22300C86F10 /* Release */ = {
			isa = XCBuildConfiguration;
			buildSettings = {
				CODE_SIGN_STYLE = Automatic;
				PRODUCT_NAME = "$(TARGET_NAME)";
				SWIFT_VERSION = 5.0;
			};
			name = Release;
		};
/* End XCBuildConfiguration section */

/* Begin XCConfigurationList section */
		0E10BB912891B22300C86F10 /* Build configuration list for PBXProject "OpenClassRoom P3" */ = {
			isa = XCConfigurationList;
			buildConfigurations = (
				0E10BB9B2891B22300C86F10 /* Debug */,
				0E10BB9C2891B22300C86F10 /* Release */,
			);
			defaultConfigurationIsVisible = 0;
			defaultConfigurationName = Release;
		};
		0E10BB9D2891B22300C86F10 /* Build configuration list for PBXNativeTarget "OpenClassRoom P3" */ = {
			isa = XCConfigurationList;
			buildConfigurations = (
				0E10BB9E2891B22300C86F10 /* Debug */,
				0E10BB9F2891B22300C86F10 /* Release */,
			);
			defaultConfigurationIsVisible = 0;
			defaultConfigurationName = Release;
		};
/* End XCConfigurationList section */
	};
	rootObject = 0E10BB8E2891B22300C86F10 /* Project object */;
}
